{
  "kind": "erf",
  "source": "docker/nwnrs.mod",
  "source_sha256": "ed2a3a1631328f7e3c5b6ebf55eda2fb60465fb87ffd3aed477390ca3c52e10e",
  "file_type": "MOD ",
  "file_version": "V1",
  "build_year": 117,
  "build_day": 184,
  "str_ref": -1,
  "loc_strings": {},
  "oid": null,
  "resource_list_padding": 112,
  "entry_order": [
    "creaturepalcus.itp",
    "doorpalcus.itp",
    "encounterpalcus.itp",
    "itempalcus.itp",
    "module.ifo",
    "placeablepalcus.itp",
    "Repute.fac",
    "soundpalcus.itp",
    "start.are",
    "start.gic",
    "start.git",
    "storepalcus.itp",
    "triggerpalcus.itp",
    "waypointpalcus.itp"
  ],
  "entry_algorithms": {},
  "file_sha256s": {
    "Repute.fac.json": "e6e430f940fadb89d6a1bf680359b36b46198686944124b8d83ea4a8037fb5e0",
    "creaturepalcus.itp.json": "ddb83f71cddb28292de5e45aeb2ea2fab4b2a0f15a4ea64cce33df517dec0ee8",
    "doorpalcus.itp.json": "c2e1279d6051394028db8f7c0e21fb05a761ff8ce3dd1909e72fd16d1c4ae48c",
    "encounterpalcus.itp.json": "9a2597350d8e28410d8f8cbe5bfca810ca2145918c1d34f39196a238eb6d9b5a",
    "itempalcus.itp.json": "a454764758dc6550824159fa71dee540504033b648e9bba43376dee490252803",
    "module.ifo.json": "a4d4fdf266e2de4013edcc90676e430ad4c059a146f2b23226cfdd06b2448051",
    "placeablepalcus.itp.json": "de82b4e4fa0cd2ca0925914ad6bebe41b82ba741470d5aaebc8c7046762953d7",
    "soundpalcus.itp.json": "b1437ec644ddfd4ef6c2bff0a56ecfed3f593f74332a32fe6273bd25f64cd463",
    "start.are.json": "fc92e3d7b180d28d4a1d262180ea50f156398aa4af6d7d6e05a7ebfa92b5967b",
    "start.gic.json": "fc088d4313a3fffa021b04a2015a7b640a560f380ba1d2103ab18c372086fe4b",
    "start.git.json": "91d64c0c6c151921efbc5b2e50d6af946e06253160cfd6af18f8b8de52dbed0c",
    "storepalcus.itp.json": "a3305c54b91da73329955be6f6f68c552633beaf59b7d4cd2a0d5ca03dba1a35",
    "triggerpalcus.itp.json": "ac8e4b85b2001a697e4bf8c66b4bf257b689a36694def35ca150f0dd8a5f214d",
    "waypointpalcus.itp.json": "26ea481c4f7baa73c81c57cfcf3a672db32ea9fa6711d32edc3eba503d942bba"
  }
}
